// !$*UTF8*$!
{
	archiveVersion = 1;
	classes = {
	};
	objectVersion = 56;
	objects = {

/* Begin PBXBuildFile section */
		41663982299E2D23007EE295 /* DepremAPIApp.swift in Sources */ = {isa = PBXBuildFile; fileRef = 41663981299E2D23007EE295 /* DepremAPIApp.swift */; };
		41663984299E2D23007EE295 /* ContentView.swift in Sources */ = {isa = PBXBuildFile; fileRef = 41663983299E2D23007EE295 /* ContentView.swift */; };
		41663986299E2D26007EE295 /* Assets.xcassets in Resources */ = {isa = PBXBuildFile; fileRef = 41663985299E2D26007EE295 /* Assets.xcassets */; };
		41663989299E2D26007EE295 /* Preview Assets.xcassets in Resources */ = {isa = PBXBuildFile; fileRef = 41663988299E2D26007EE295 /* Preview Assets.xcassets */; };
		4166398B299E2D26007EE295 /* Persistence.swift in Sources */ = {isa = PBXBuildFile; fileRef = 4166398A299E2D26007EE295 /* Persistence.swift */; };
		4166398E299E2D26007EE295 /* DepremAPI.xcdatamodeld in Sources */ = {isa = PBXBuildFile; fileRef = 4166398C299E2D26007EE295 /* DepremAPI.xcdatamodeld */; };
		41663998299E2D26007EE295 /* DepremAPITests.swift in Sources */ = {isa = PBXBuildFile; fileRef = 41663997299E2D26007EE295 /* DepremAPITests.swift */; };
		416639A2299E2D27007EE295 /* DepremAPIUITests.swift in Sources */ = {isa = PBXBuildFile; fileRef = 416639A1299E2D27007EE295 /* DepremAPIUITests.swift */; };
		416639A4299E2D27007EE295 /* DepremAPIUITestsLaunchTests.swift in Sources */ = {isa = PBXBuildFile; fileRef = 416639A3299E2D27007EE295 /* DepremAPIUITestsLaunchTests.swift */; };
/* End PBXBuildFile section */

/* Begin PBXContainerItemProxy section */
		41663994299E2D26007EE295 /* PBXContainerItemProxy */ = {
			isa = PBXContainerItemProxy;
			containerPortal = 41663976299E2D23007EE295 /* Project object */;
			proxyType = 1;
			remoteGlobalIDString = 4166397D299E2D23007EE295;
			remoteInfo = DepremAPI;
		};
		4166399E299E2D27007EE295 /* PBXContainerItemProxy */ = {
			isa = PBXContainerItemProxy;
			containerPortal = 41663976299E2D23007EE295 /* Project object */;
			proxyType = 1;
			remoteGlobalIDString = 4166397D299E2D23007EE295;
			remoteInfo = DepremAPI;
		};
/* End PBXContainerItemProxy section */

/* Begin PBXFileReference section */
		4166397E299E2D23007EE295 /* DepremAPI.app */ = {isa = PBXFileReference; explicitFileType = wrapper.application; includeInIndex = 0; path = DepremAPI.app; sourceTree = BUILT_PRODUCTS_DIR; };
		41663981299E2D23007EE295 /* DepremAPIApp.swift */ = {isa = PBXFileReference; lastKnownFileType = sourcecode.swift; path = DepremAPIApp.swift; sourceTree = "<group>"; };
		41663983299E2D23007EE295 /* ContentView.swift */ = {isa = PBXFileReference; lastKnownFileType = sourcecode.swift; path = ContentView.swift; sourceTree = "<group>"; };
		41663985299E2D26007EE295 /* Assets.xcassets */ = {isa = PBXFileReference; lastKnownFileType = folder.assetcatalog; path = Assets.xcassets; sourceTree = "<group>"; };
		41663988299E2D26007EE295 /* Preview Assets.xcassets */ = {isa = PBXFileReference; lastKnownFileType = folder.assetcatalog; path = "Preview Assets.xcassets"; sourceTree = "<group>"; };
		4166398A299E2D26007EE295 /* Persistence.swift */ = {isa = PBXFileReference; lastKnownFileType = sourcecode.swift; path = Persistence.swift; sourceTree = "<group>"; };
		4166398D299E2D26007EE295 /* DepremAPI.xcdatamodel */ = {isa = PBXFileReference; lastKnownFileType = wrapper.xcdatamodel; path = DepremAPI.xcdatamodel; sourceTree = "<group>"; };
		41663993299E2D26007EE295 /* DepremAPITests.xctest */ = {isa = PBXFileReference; explicitFileType = wrapper.cfbundle; includeInIndex = 0; path = DepremAPITests.xctest; sourceTree = BUILT_PRODUCTS_DIR; };
		41663997299E2D26007EE295 /* DepremAPITests.swift */ = {isa = PBXFileReference; lastKnownFileType = sourcecode.swift; path = DepremAPITests.swift; sourceTree = "<group>"; };
		4166399D299E2D27007EE295 /* DepremAPIUITests.xctest */ = {isa = PBXFileReference; explicitFileType = wrapper.cfbundle; includeInIndex = 0; path = DepremAPIUITests.xctest; sourceTree = BUILT_PRODUCTS_DIR; };
		416639A1299E2D27007EE295 /* DepremAPIUITests.swift */ = {isa = PBXFileReference; lastKnownFileType = sourcecode.swift; path = DepremAPIUITests.swift; sourceTree = "<group>"; };
		416639A3299E2D27007EE295 /* DepremAPIUITestsLaunchTests.swift */ = {isa = PBXFileReference; lastKnownFileType = sourcecode.swift; path = DepremAPIUITestsLaunchTests.swift; sourceTree = "<group>"; };
/* End PBXFileReference section */

/* Begin PBXFrameworksBuildPhase section */
		4166397B299E2D23007EE295 /* Frameworks */ = {
			isa = PBXFrameworksBuildPhase;
			buildActionMask = 2147483647;
			files = (
			);
			runOnlyForDeploymentPostprocessing = 0;
		};
		41663990299E2D26007EE295 /* Frameworks */ = {
			isa = PBXFrameworksBuildPhase;
			buildActionMask = 2147483647;
			files = (
			);
			runOnlyForDeploymentPostprocessing = 0;
		};
		4166399A299E2D27007EE295 /* Frameworks */ = {
			isa = PBXFrameworksBuildPhase;
			buildActionMask = 2147483647;
			files = (
			);
			runOnlyForDeploymentPostprocessing = 0;
		};
/* End PBXFrameworksBuildPhase section */

/* Begin PBXGroup section */
		41663975299E2D23007EE295 = {
			isa = PBXGroup;
			children = (
				41663980299E2D23007EE295 /* DepremAPI */,
				41663996299E2D26007EE295 /* DepremAPITests */,
				416639A0299E2D27007EE295 /* DepremAPIUITests */,
				4166397F299E2D23007EE295 /* Products */,
			);
			sourceTree = "<group>";
		};
		4166397F299E2D23007EE295 /* Products */ = {
			isa = PBXGroup;
			children = (
				4166397E299E2D23007EE295 /* DepremAPI.app */,
				41663993299E2D26007EE295 /* DepremAPITests.xctest */,
				4166399D299E2D27007EE295 /* DepremAPIUITests.xctest */,
			);
			name = Products;
			sourceTree = "<group>";
		};
		41663980299E2D23007EE295 /* DepremAPI */ = {
			isa = PBXGroup;
			children = (
				41663981299E2D23007EE295 /* DepremAPIApp.swift */,
				41663983299E2D23007EE295 /* ContentView.swift */,
				41663985299E2D26007EE295 /* Assets.xcassets */,
				4166398A299E2D26007EE295 /* Persistence.swift */,
				4166398C299E2D26007EE295 /* DepremAPI.xcdatamodeld */,
				41663987299E2D26007EE295 /* Preview Content */,
			);
			path = DepremAPI;
			sourceTree = "<group>";
		};
		41663987299E2D26007EE295 /* Preview Content */ = {
			isa = PBXGroup;
			children = (
				41663988299E2D26007EE295 /* Preview Assets.xcassets */,
			);
			path = "Preview Content";
			sourceTree = "<group>";
		};
		41663996299E2D26007EE295 /* DepremAPITests */ = {
			isa = PBXGroup;
			children = (
				41663997299E2D26007EE295 /* DepremAPITests.swift */,
			);
			path = DepremAPITests;
			sourceTree = "<group>";
		};
		416639A0299E2D27007EE295 /* DepremAPIUITests */ = {
			isa = PBXGroup;
			children = (
				416639A1299E2D27007EE295 /* DepremAPIUITests.swift */,
				416639A3299E2D27007EE295 /* DepremAPIUITestsLaunchTests.swift */,
			);
			path = DepremAPIUITests;
			sourceTree = "<group>";
		};
/* End PBXGroup section */

/* Begin PBXNativeTarget section */
		4166397D299E2D23007EE295 /* DepremAPI */ = {
			isa = PBXNativeTarget;
			buildConfigurationList = 416639A7299E2D27007EE295 /* Build configuration list for PBXNativeTarget "DepremAPI" */;
			buildPhases = (
				4166397A299E2D23007EE295 /* Sources */,
				4166397B299E2D23007EE295 /* Frameworks */,
				4166397C299E2D23007EE295 /* Resources */,
			);
			buildRules = (
			);
			dependencies = (
			);
			name = DepremAPI;
			productName = DepremAPI;
			productReference = 4166397E299E2D23007EE295 /* DepremAPI.app */;
			productType = "com.apple.product-type.application";
		};
		41663992299E2D26007EE295 /* DepremAPITests */ = {
			isa = PBXNativeTarget;
			buildConfigurationList = 416639AA299E2D27007EE295 /* Build configuration list for PBXNativeTarget "DepremAPITests" */;
			buildPhases = (
				4166398F299E2D26007EE295 /* Sources */,
				41663990299E2D26007EE295 /* Frameworks */,
				41663991299E2D26007EE295 /* Resources */,
			);
			buildRules = (
			);
			dependencies = (
				41663995299E2D26007EE295 /* PBXTargetDependency */,
			);
			name = DepremAPITests;
			productName = DepremAPITests;
			productReference = 41663993299E2D26007EE295 /* DepremAPITests.xctest */;
			productType = "com.apple.product-type.bundle.unit-test";
		};
		4166399C299E2D27007EE295 /* DepremAPIUITests */ = {
			isa = PBXNativeTarget;
			buildConfigurationList = 416639AD299E2D27007EE295 /* Build configuration list for PBXNativeTarget "DepremAPIUITests" */;
			buildPhases = (
				41663999299E2D27007EE295 /* Sources */,
				4166399A299E2D27007EE295 /* Frameworks */,
				4166399B299E2D27007EE295 /* Resources */,
			);
			buildRules = (
			);
			dependencies = (
				4166399F299E2D27007EE295 /* PBXTargetDependency */,
			);
			name = DepremAPIUITests;
			productName = DepremAPIUITests;
			productReference = 4166399D299E2D27007EE295 /* DepremAPIUITests.xctest */;
			productType = "com.apple.product-type.bundle.ui-testing";
		};
/* End PBXNativeTarget section */

/* Begin PBXProject section */
		41663976299E2D23007EE295 /* Project object */ = {
			isa = PBXProject;
			attributes = {
				BuildIndependentTargetsInParallel = 1;
				LastSwiftUpdateCheck = 1420;
				LastUpgradeCheck = 1420;
				TargetAttributes = {
					4166397D299E2D23007EE295 = {
						CreatedOnToolsVersion = 14.2;
					};
					41663992299E2D26007EE295 = {
						CreatedOnToolsVersion = 14.2;
						TestTargetID = 4166397D299E2D23007EE295;
					};
					4166399C299E2D27007EE295 = {
						CreatedOnToolsVersion = 14.2;
						TestTargetID = 4166397D299E2D23007EE295;
					};
				};
			};
			buildConfigurationList = 41663979299E2D23007EE295 /* Build configuration list for PBXProject "DepremAPI" */;
			compatibilityVersion = "Xcode 14.0";
			developmentRegion = en;
			hasScannedForEncodings = 0;
			knownRegions = (
				en,
				Base,
			);
			mainGroup = 41663975299E2D23007EE295;
			productRefGroup = 4166397F299E2D23007EE295 /* Products */;
			projectDirPath = "";
			projectRoot = "";
			targets = (
				4166397D299E2D23007EE295 /* DepremAPI */,
				41663992299E2D26007EE295 /* DepremAPITests */,
				4166399C299E2D27007EE295 /* DepremAPIUITests */,
			);
		};
/* End PBXProject section */

/* Begin PBXResourcesBuildPhase section */
		4166397C299E2D23007EE295 /* Resources */ = {
			isa = PBXResourcesBuildPhase;
			buildActionMask = 2147483647;
			files = (
				41663989299E2D26007EE295 /* Preview Assets.xcassets in Resources */,
				41663986299E2D26007EE295 /* Assets.xcassets in Resources */,
			);
			runOnlyForDeploymentPostprocessing = 0;
		};
		41663991299E2D26007EE295 /* Resources */ = {
			isa = PBXResourcesBuildPhase;
			buildActionMask = 2147483647;
			files = (
			);
			runOnlyForDeploymentPostprocessing = 0;
		};
		4166399B299E2D27007EE295 /* Resources */ = {
			isa = PBXResourcesBuildPhase;
			buildActionMask = 2147483647;
			files = (
			);
			runOnlyForDeploymentPostprocessing = 0;
		};
/* End PBXResourcesBuildPhase section */

/* Begin PBXSourcesBuildPhase section */
		4166397A299E2D23007EE295 /* Sources */ = {
			isa = PBXSourcesBuildPhase;
			buildActionMask = 2147483647;
			files = (
				4166398B299E2D26007EE295 /* Persistence.swift in Sources */,
				4166398E299E2D26007EE295 /* DepremAPI.xcdatamodeld in Sources */,
				41663984299E2D23007EE295 /* ContentView.swift in Sources */,
				41663982299E2D23007EE295 /* DepremAPIApp.swift in Sources */,
			);
			runOnlyForDeploymentPostprocessing = 0;
		};
		4166398F299E2D26007EE295 /* Sources */ = {
			isa = PBXSourcesBuildPhase;
			buildActionMask = 2147483647;
			files = (
				41663998299E2D26007EE295 /* DepremAPITests.swift in Sources */,
			);
			runOnlyForDeploymentPostprocessing = 0;
		};
		41663999299E2D27007EE295 /* Sources */ = {
			isa = PBXSourcesBuildPhase;
			buildActionMask = 2147483647;
			files = (
				416639A4299E2D27007EE295 /* DepremAPIUITestsLaunchTests.swift in Sources */,
				416639A2299E2D27007EE295 /* DepremAPIUITests.swift in Sources */,
			);
			runOnlyForDeploymentPostprocessing = 0;
		};
/* End PBXSourcesBuildPhase section */

/* Begin PBXTargetDependency section */
		41663995299E2D26007EE295 /* PBXTargetDependency */ = {
			isa = PBXTargetDependency;
			target = 4166397D299E2D23007EE295 /* DepremAPI */;
			targetProxy = 41663994299E2D26007EE295 /* PBXContainerItemProxy */;
		};
		4166399F299E2D27007EE295 /* PBXTargetDependency */ = {
			isa = PBXTargetDependency;
			target = 4166397D299E2D23007EE295 /* DepremAPI */;
			targetProxy = 4166399E299E2D27007EE295 /* PBXContainerItemProxy */;
		};
/* End PBXTargetDependency section */

/* Begin XCBuildConfiguration section */
		416639A5299E2D27007EE295 /* Debug */ = {
			isa = XCBuildConfiguration;
			buildSettings = {
				ALWAYS_SEARCH_USER_PATHS = NO;
				CLANG_ANALYZER_NONNULL = YES;
				CLANG_ANALYZER_NUMBER_OBJECT_CONVERSION = YES_AGGRESSIVE;
				CLANG_CXX_LANGUAGE_STANDARD = "gnu++20";
				CLANG_ENABLE_MODULES = YES;
				CLANG_ENABLE_OBJC_ARC = YES;
				CLANG_ENABLE_OBJC_WEAK = YES;
				CLANG_WARN_BLOCK_CAPTURE_AUTORELEASING = YES;
				CLANG_WARN_BOOL_CONVERSION = YES;
				CLANG_WARN_COMMA = YES;
				CLANG_WARN_CONSTANT_CONVERSION = YES;
				CLANG_WARN_DEPRECATED_OBJC_IMPLEMENTATIONS = YES;
				CLANG_WARN_DIRECT_OBJC_ISA_USAGE = YES_ERROR;
				CLANG_WARN_DOCUMENTATION_COMMENTS = YES;
				CLANG_WARN_EMPTY_BODY = YES;
				CLANG_WARN_ENUM_CONVERSION = YES;
				CLANG_WARN_INFINITE_RECURSION = YES;
				CLANG_WARN_INT_CONVERSION = YES;
				CLANG_WARN_NON_LITERAL_NULL_CONVERSION = YES;
				CLANG_WARN_OBJC_IMPLICIT_RETAIN_SELF = YES;
				CLANG_WARN_OBJC_LITERAL_CONVERSION = YES;
				CLANG_WARN_OBJC_ROOT_CLASS = YES_ERROR;
				CLANG_WARN_QUOTED_INCLUDE_IN_FRAMEWORK_HEADER = YES;
				CLANG_WARN_RANGE_LOOP_ANALYSIS = YES;
				CLANG_WARN_STRICT_PROTOTYPES = YES;
				CLANG_WARN_SUSPICIOUS_MOVE = YES;
				CLANG_WARN_UNGUARDED_AVAILABILITY = YES_AGGRESSIVE;
				CLANG_WARN_UNREACHABLE_CODE = YES;
				CLANG_WARN__DUPLICATE_METHOD_MATCH = YES;
				COPY_PHASE_STRIP = NO;
				DEBUG_INFORMATION_FORMAT = dwarf;
				ENABLE_STRICT_OBJC_MSGSEND = YES;
				ENABLE_TESTABILITY = YES;
				GCC_C_LANGUAGE_STANDARD = gnu11;
				GCC_DYNAMIC_NO_PIC = NO;
				GCC_NO_COMMON_BLOCKS = YES;
				GCC_OPTIMIZATION_LEVEL = 0;
				GCC_PREPROCESSOR_DEFINITIONS = (
					"DEBUG=1",
					"$(inherited)",
				);
				GCC_WARN_64_TO_32_BIT_CONVERSION = YES;
				GCC_WARN_ABOUT_RETURN_TYPE = YES_ERROR;
				GCC_WARN_UNDECLARED_SELECTOR = YES;
				GCC_WARN_UNINITIALIZED_AUTOS = YES_AGGRESSIVE;
				GCC_WARN_UNUSED_FUNCTION = YES;
				GCC_WARN_UNUSED_VARIABLE = YES;
				IPHONEOS_DEPLOYMENT_TARGET = 16.2;
				MTL_ENABLE_DEBUG_INFO = INCLUDE_SOURCE;
				MTL_FAST_MATH = YES;
				ONLY_ACTIVE_ARCH = YES;
				SDKROOT = iphoneos;
				SWIFT_ACTIVE_COMPILATION_CONDITIONS = DEBUG;
				SWIFT_OPTIMIZATION_LEVEL = "-Onone";
			};
			name = Debug;
		};
		416639A6299E2D27007EE295 /* Release */ = {
			isa = XCBuildConfiguration;
			buildSettings = {
				ALWAYS_SEARCH_USER_PATHS = NO;
				CLANG_ANALYZER_NONNULL = YES;
				CLANG_ANALYZER_NUMBER_OBJECT_CONVERSION = YES_AGGRESSIVE;
				CLANG_CXX_LANGUAGE_STANDARD = "gnu++20";
				CLANG_ENABLE_MODULES = YES;
				CLANG_ENABLE_OBJC_ARC = YES;
				CLANG_ENABLE_OBJC_WEAK = YES;
				CLANG_WARN_BLOCK_CAPTURE_AUTORELEASING = YES;
				CLANG_WARN_BOOL_CONVERSION = YES;
				CLANG_WARN_COMMA = YES;
				CLANG_WARN_CONSTANT_CONVERSION = YES;
				CLANG_WARN_DEPRECATED_OBJC_IMPLEMENTATIONS = YES;
				CLANG_WARN_DIRECT_OBJC_ISA_USAGE = YES_ERROR;
				CLANG_WARN_DOCUMENTATION_COMMENTS = YES;
				CLANG_WARN_EMPTY_BODY = YES;
				CLANG_WARN_ENUM_CONVERSION = YES;
				CLANG_WARN_INFINITE_RECURSION = YES;
				CLANG_WARN_INT_CONVERSION = YES;
				CLANG_WARN_NON_LITERAL_NULL_CONVERSION = YES;
				CLANG_WARN_OBJC_IMPLICIT_RETAIN_SELF = YES;
				CLANG_WARN_OBJC_LITERAL_CONVERSION = YES;
				CLANG_WARN_OBJC_ROOT_CLASS = YES_ERROR;
				CLANG_WARN_QUOTED_INCLUDE_IN_FRAMEWORK_HEADER = YES;
				CLANG_WARN_RANGE_LOOP_ANALYSIS = YES;
				CLANG_WARN_STRICT_PROTOTYPES = YES;
				CLANG_WARN_SUSPICIOUS_MOVE = YES;
				CLANG_WARN_UNGUARDED_AVAILABILITY = YES_AGGRESSIVE;
				CLANG_WARN_UNREACHABLE_CODE = YES;
				CLANG_WARN__DUPLICATE_METHOD_MATCH = YES;
				COPY_PHASE_STRIP = NO;
				DEBUG_INFORMATION_FORMAT = "dwarf-with-dsym";
				ENABLE_NS_ASSERTIONS = NO;
				ENABLE_STRICT_OBJC_MSGSEND = YES;
				GCC_C_LANGUAGE_STANDARD = gnu11;
				GCC_NO_COMMON_BLOCKS = YES;
				GCC_WARN_64_TO_32_BIT_CONVERSION = YES;
				GCC_WARN_ABOUT_RETURN_TYPE = YES_ERROR;
				GCC_WARN_UNDECLARED_SELECTOR = YES;
				GCC_WARN_UNINITIALIZED_AUTOS = YES_AGGRESSIVE;
				GCC_WARN_UNUSED_FUNCTION = YES;
				GCC_WARN_UNUSED_VARIABLE = YES;
				IPHONEOS_DEPLOYMENT_TARGET = 16.2;
				MTL_ENABLE_DEBUG_INFO = NO;
				MTL_FAST_MATH = YES;
				SDKROOT = iphoneos;
				SWIFT_COMPILATION_MODE = wholemodule;
				SWIFT_OPTIMIZATION_LEVEL = "-O";
				VALIDATE_PRODUCT = YES;
			};
			name = Release;
		};
		416639A8299E2D27007EE295 /* Debug */ = {
			isa = XCBuildConfiguration;
			buildSettings = {
				ASSETCATALOG_COMPILER_APPICON_NAME = AppIcon;
				ASSETCATALOG_COMPILER_GLOBAL_ACCENT_COLOR_NAME = AccentColor;
				CODE_SIGN_STYLE = Automatic;
				CURRENT_PROJECT_VERSION = 1;
				DEVELOPMENT_ASSET_PATHS = "\"DepremAPI/Preview Content\"";
				DEVELOPMENT_TEAM = L9AS6TRBAN;
				ENABLE_PREVIEWS = YES;
				GENERATE_INFOPLIST_FILE = YES;
				INFOPLIST_KEY_CFBundleDisplayName = DepremAPI;
				INFOPLIST_KEY_UIApplicationSceneManifest_Generation = YES;
				INFOPLIST_KEY_UIApplicationSupportsIndirectInputEvents = YES;
				INFOPLIST_KEY_UILaunchScreen_Generation = YES;
				INFOPLIST_KEY_UISupportedInterfaceOrientations = UIInterfaceOrientationPortrait;
				INFOPLIST_KEY_UISupportedInterfaceOrientations_iPad = "UIInterfaceOrientationLandscapeLeft UIInterfaceOrientationLandscapeRight UIInterfaceOrientationPortrait UIInterfaceOrientationPortraitUpsideDown";
				IPHONEOS_DEPLOYMENT_TARGET = 15.0;
				LD_RUNPATH_SEARCH_PATHS = (
					"$(inherited)",
					"@executable_path/Frameworks",
				);
				MARKETING_VERSION = 1.0;
				PRODUCT_BUNDLE_IDENTIFIER = Doodie.DepremAPI;
				PRODUCT_NAME = "$(TARGET_NAME)";
				SUPPORTED_PLATFORMS = "iphoneos iphonesimulator";
				SUPPORTS_MACCATALYST = NO;
				SUPPORTS_MAC_DESIGNED_FOR_IPHONE_IPAD = NO;
				SWIFT_EMIT_LOC_STRINGS = YES;
				SWIFT_VERSION = 5.0;
				TARGETED_DEVICE_FAMILY = 1;
			};
			name = Debug;
		};
		416639A9299E2D27007EE295 /* Release */ = {
			isa = XCBuildConfiguration;
			buildSettings = {
				ASSETCATALOG_COMPILER_APPICON_NAME = AppIcon;
				ASSETCATALOG_COMPILER_GLOBAL_ACCENT_COLOR_NAME = AccentColor;
				CODE_SIGN_STYLE = Automatic;
				CURRENT_PROJECT_VERSION = 1;
				DEVELOPMENT_ASSET_PATHS = "\"DepremAPI/Preview Content\"";
				DEVELOPMENT_TEAM = L9AS6TRBAN;
				ENABLE_PREVIEWS = YES;
				GENERATE_INFOPLIST_FILE = YES;
				INFOPLIST_KEY_CFBundleDisplayName = DepremAPI;
				INFOPLIST_KEY_UIApplicationSceneManifest_Generation = YES;
				INFOPLIST_KEY_UIApplicationSupportsIndirectInputEvents = YES;
				INFOPLIST_KEY_UILaunchScreen_Generation = YES;
				INFOPLIST_KEY_UISupportedInterfaceOrientations = UIInterfaceOrientationPortrait;
				INFOPLIST_KEY_UISupportedInterfaceOrientations_iPad = "UIInterfaceOrientationLandscapeLeft UIInterfaceOrientationLandscapeRight UIInterfaceOrientationPortrait UIInterfaceOrientationPortraitUpsideDown";
				IPHONEOS_DEPLOYMENT_TARGET = 15.0;
				LD_RUNPATH_SEARCH_PATHS = (
					"$(inherited)",
					"@executable_path/Frameworks",
				);
				MARKETING_VERSION = 1.0;
				PRODUCT_BUNDLE_IDENTIFIER = Doodie.DepremAPI;
				PRODUCT_NAME = "$(TARGET_NAME)";
				SUPPORTED_PLATFORMS = "iphoneos iphonesimulator";
				SUPPORTS_MACCATALYST = NO;
				SUPPORTS_MAC_DESIGNED_FOR_IPHONE_IPAD = NO;
				SWIFT_EMIT_LOC_STRINGS = YES;
				SWIFT_VERSION = 5.0;
				TARGETED_DEVICE_FAMILY = 1;
			};
			name = Release;
		};
		416639AB299E2D27007EE295 /* Debug */ = {
			isa = XCBuildConfiguration;
			buildSettings = {
				ALWAYS_EMBED_SWIFT_STANDARD_LIBRARIES = YES;
				BUNDLE_LOADER = "$(TEST_HOST)";
				CODE_SIGN_STYLE = Automatic;
				CURRENT_PROJECT_VERSION = 1;
				DEVELOPMENT_TEAM = L9AS6TRBAN;
				GENERATE_INFOPLIST_FILE = YES;
				IPHONEOS_DEPLOYMENT_TARGET = 16.2;
				MARKETING_VERSION = 1.0;
				PRODUCT_BUNDLE_IDENTIFIER = Doodie.DepremAPITests;
				PRODUCT_NAME = "$(TARGET_NAME)";
				SWIFT_EMIT_LOC_STRINGS = NO;
				SWIFT_VERSION = 5.0;
				TARGETED_DEVICE_FAMILY = "1,2";
				TEST_HOST = "$(BUILT_PRODUCTS_DIR)/DepremAPI.app/$(BUNDLE_EXECUTABLE_FOLDER_PATH)/DepremAPI";
			};
			name = Debug;
		};
		416639AC299E2D27007EE295 /* Release */ = {
			isa = XCBuildConfiguration;
			buildSettings = {
				ALWAYS_EMBED_SWIFT_STANDARD_LIBRARIES = YES;
				BUNDLE_LOADER = "$(TEST_HOST)";
				CODE_SIGN_STYLE = Automatic;
				CURRENT_PROJECT_VERSION = 1;
				DEVELOPMENT_TEAM = L9AS6TRBAN;
				GENERATE_INFOPLIST_FILE = YES;
				IPHONEOS_DEPLOYMENT_TARGET = 16.2;
				MARKETING_VERSION = 1.0;
				PRODUCT_BUNDLE_IDENTIFIER = Doodie.DepremAPITests;
				PRODUCT_NAME = "$(TARGET_NAME)";
				SWIFT_EMIT_LOC_STRINGS = NO;
				SWIFT_VERSION = 5.0;
				TARGETED_DEVICE_FAMILY = "1,2";
				TEST_HOST = "$(BUILT_PRODUCTS_DIR)/DepremAPI.app/$(BUNDLE_EXECUTABLE_FOLDER_PATH)/DepremAPI";
			};
			name = Release;
		};
		416639AE299E2D27007EE295 /* Debug */ = {
			isa = XCBuildConfiguration;
			buildSettings = {
				ALWAYS_EMBED_SWIFT_STANDARD_LIBRARIES = YES;
				CODE_SIGN_STYLE = Automatic;
				CURRENT_PROJECT_VERSION = 1;
				DEVELOPMENT_TEAM = L9AS6TRBAN;
				GENERATE_INFOPLIST_FILE = YES;
				MARKETING_VERSION = 1.0;
				PRODUCT_BUNDLE_IDENTIFIER = Doodie.DepremAPIUITests;
				PRODUCT_NAME = "$(TARGET_NAME)";
				SWIFT_EMIT_LOC_STRINGS = NO;
				SWIFT_VERSION = 5.0;
				TARGETED_DEVICE_FAMILY = "1,2";
				TEST_TARGET_NAME = DepremAPI;
			};
			name = Debug;
		};
		416639AF299E2D27007EE295 /* Release */ = {
			isa = XCBuildConfiguration;
			buildSettings = {
				ALWAYS_EMBED_SWIFT_STANDARD_LIBRARIES = YES;
				CODE_SIGN_STYLE = Automatic;
				CURRENT_PROJECT_VERSION = 1;
				DEVELOPMENT_TEAM = L9AS6TRBAN;
				GENERATE_INFOPLIST_FILE = YES;
				MARKETING_VERSION = 1.0;
				PRODUCT_BUNDLE_IDENTIFIER = Doodie.DepremAPIUITests;
				PRODUCT_NAME = "$(TARGET_NAME)";
				SWIFT_EMIT_LOC_STRINGS = NO;
				SWIFT_VERSION = 5.0;
				TARGETED_DEVICE_FAMILY = "1,2";
				TEST_TARGET_NAME = DepremAPI;
			};
			name = Release;
		};
/* End XCBuildConfiguration section */

/* Begin XCConfigurationList section */
		41663979299E2D23007EE295 /* Build configuration list for PBXProject "DepremAPI" */ = {
			isa = XCConfigurationList;
			buildConfigurations = (
				416639A5299E2D27007EE295 /* Debug */,
				416639A6299E2D27007EE295 /* Release */,
			);
			defaultConfigurationIsVisible = 0;
			defaultConfigurationName = Release;
		};
		416639A7299E2D27007EE295 /* Build configuration list for PBXNativeTarget "DepremAPI" */ = {
			isa = XCConfigurationList;
			buildConfigurations = (
				416639A8299E2D27007EE295 /* Debug */,
				416639A9299E2D27007EE295 /* Release */,
			);
			defaultConfigurationIsVisible = 0;
			defaultConfigurationName = Release;
		};
		416639AA299E2D27007EE295 /* Build configuration list for PBXNativeTarget "DepremAPITests" */ = {
			isa = XCConfigurationList;
			buildConfigurations = (
				416639AB299E2D27007EE295 /* Debug */,
				416639AC299E2D27007EE295 /* Release */,
			);
			defaultConfigurationIsVisible = 0;
			defaultConfigurationName = Release;
		};
		416639AD299E2D27007EE295 /* Build configuration list for PBXNativeTarget "DepremAPIUITests" */ = {
			isa = XCConfigurationList;
			buildConfigurations = (
				416639AE299E2D27007EE295 /* Debug */,
				416639AF299E2D27007EE295 /* Release */,
			);
			defaultConfigurationIsVisible = 0;
			defaultConfigurationName = Release;
		};
/* End XCConfigurationList section */

/* Begin XCVersionGroup section */
		4166398C299E2D26007EE295 /* DepremAPI.xcdatamodeld */ = {
			isa = XCVersionGroup;
			children = (
				4166398D299E2D26007EE295 /* DepremAPI.xcdatamodel */,
			);
			currentVersion = 4166398D299E2D26007EE295 /* DepremAPI.xcdatamodel */;
			path = DepremAPI.xcdatamodeld;
			sourceTree = "<group>";
			versionGroupType = wrapper.xcdatamodel;
		};
/* End XCVersionGroup section */
	};
	rootObject = 41663976299E2D23007EE295 /* Project object */;
}
